
Microsoft Visual Studio Solution File, Format Version 12.00
# Visual Studio Version 17
VisualStudioVersion = 17.0.31903.59
MinimumVisualStudioVersion = 10.0.40219.1
Project("{2150E333-8FDC-42A3-9474-1A3956D46DE8}") = "common", "common", "{881589EE-639B-0A35-DBCE-5D94E4FC90C0}"
EndProject
Project("{FAE04EC0-301F-11D3-BF4B-00C04F79EFBC}") = "Tasko.Common", "common\Tasko.Common\Tasko.Common.csproj", "{99FEB31E-F2E7-4779-B35B-702F648517DF}"
EndProject
Project("{2150E333-8FDC-42A3-9474-1A3956D46DE8}") = "src", "src", "{827E0CD3-B72D-47B6-A68D-7590B98EB39B}"
EndProject
Project("{FAE04EC0-301F-11D3-BF4B-00C04F79EFBC}") = "Tasko.API", "src\Tasko.API\Tasko.API.csproj", "{6B06B39E-FA83-4E0B-A94B-EFA21CC0847F}"
EndProject
Project("{FAE04EC0-301F-11D3-BF4B-00C04F79EFBC}") = "Tasko.Application", "src\Tasko.Application\Tasko.Application.csproj", "{DC4B64A6-AF35-4400-8197-8B82176FF59E}"
EndProject
Project("{FAE04EC0-301F-11D3-BF4B-00C04F79EFBC}") = "Tasko.Domain", "src\Tasko.Domain\Tasko.Domain.csproj", "{AF82A3DD-076A-4FE8-9C45-C30754E87527}"
EndProject
Project("{FAE04EC0-301F-11D3-BF4B-00C04F79EFBC}") = "Tasko.Persistence", "src\Tasko.Persistence\Tasko.Persistence.csproj", "{1A4C7F49-F3AA-4EBA-8996-0DDCA0A81142}"
EndProject
Project("{FAE04EC0-301F-11D3-BF4B-00C04F79EFBC}") = "Tasko.Common.ErrorHandler", "common\Tasko.Common.ErrorHandler\Tasko.Common.ErrorHandler.csproj", "{52BCF140-DCCC-4545-A5DB-437DA8842910}"
EndProject
Global
	GlobalSection(SolutionConfigurationPlatforms) = preSolution
		Debug|Any CPU = Debug|Any CPU
		Debug|x64 = Debug|x64
		Debug|x86 = Debug|x86
		Release|Any CPU = Release|Any CPU
		Release|x64 = Release|x64
		Release|x86 = Release|x86
	EndGlobalSection
	GlobalSection(ProjectConfigurationPlatforms) = postSolution
		{99FEB31E-F2E7-4779-B35B-702F648517DF}.Debug|Any CPU.ActiveCfg = Debug|Any CPU
		{99FEB31E-F2E7-4779-B35B-702F648517DF}.Debug|Any CPU.Build.0 = Debug|Any CPU
		{99FEB31E-F2E7-4779-B35B-702F648517DF}.Debug|x64.ActiveCfg = Debug|Any CPU
		{99FEB31E-F2E7-4779-B35B-702F648517DF}.Debug|x64.Build.0 = Debug|Any CPU
		{99FEB31E-F2E7-4779-B35B-702F648517DF}.Debug|x86.ActiveCfg = Debug|Any CPU
		{99FEB31E-F2E7-4779-B35B-702F648517DF}.Debug|x86.Build.0 = Debug|Any CPU
		{99FEB31E-F2E7-4779-B35B-702F648517DF}.Release|Any CPU.ActiveCfg = Release|Any CPU
		{99FEB31E-F2E7-4779-B35B-702F648517DF}.Release|Any CPU.Build.0 = Release|Any CPU
		{99FEB31E-F2E7-4779-B35B-702F648517DF}.Release|x64.ActiveCfg = Release|Any CPU
		{99FEB31E-F2E7-4779-B35B-702F648517DF}.Release|x64.Build.0 = Release|Any CPU
		{99FEB31E-F2E7-4779-B35B-702F648517DF}.Release|x86.ActiveCfg = Release|Any CPU
		{99FEB31E-F2E7-4779-B35B-702F648517DF}.Release|x86.Build.0 = Release|Any CPU
		{6B06B39E-FA83-4E0B-A94B-EFA21CC0847F}.Debug|Any CPU.ActiveCfg = Debug|Any CPU
		{6B06B39E-FA83-4E0B-A94B-EFA21CC0847F}.Debug|Any CPU.Build.0 = Debug|Any CPU
		{6B06B39E-FA83-4E0B-A94B-EFA21CC0847F}.Debug|x64.ActiveCfg = Debug|Any CPU
		{6B06B39E-FA83-4E0B-A94B-EFA21CC0847F}.Debug|x64.Build.0 = Debug|Any CPU
		{6B06B39E-FA83-4E0B-A94B-EFA21CC0847F}.Debug|x86.ActiveCfg = Debug|Any CPU
		{6B06B39E-FA83-4E0B-A94B-EFA21CC0847F}.Debug|x86.Build.0 = Debug|Any CPU
		{6B06B39E-FA83-4E0B-A94B-EFA21CC0847F}.Release|Any CPU.ActiveCfg = Release|Any CPU
		{6B06B39E-FA83-4E0B-A94B-EFA21CC0847F}.Release|Any CPU.Build.0 = Release|Any CPU
		{6B06B39E-FA83-4E0B-A94B-EFA21CC0847F}.Release|x64.ActiveCfg = Release|Any CPU
		{6B06B39E-FA83-4E0B-A94B-EFA21CC0847F}.Release|x64.Build.0 = Release|Any CPU
		{6B06B39E-FA83-4E0B-A94B-EFA21CC0847F}.Release|x86.ActiveCfg = Release|Any CPU
		{6B06B39E-FA83-4E0B-A94B-EFA21CC0847F}.Release|x86.Build.0 = Release|Any CPU
		{DC4B64A6-AF35-4400-8197-8B82176FF59E}.Debug|Any CPU.ActiveCfg = Debug|Any CPU
		{DC4B64A6-AF35-4400-8197-8B82176FF59E}.Debug|Any CPU.Build.0 = Debug|Any CPU
		{DC4B64A6-AF35-4400-8197-8B82176FF59E}.Debug|x64.ActiveCfg = Debug|Any CPU
		{DC4B64A6-AF35-4400-8197-8B82176FF59E}.Debug|x64.Build.0 = Debug|Any CPU
		{DC4B64A6-AF35-4400-8197-8B82176FF59E}.Debug|x86.ActiveCfg = Debug|Any CPU
		{DC4B64A6-AF35-4400-8197-8B82176FF59E}.Debug|x86.Build.0 = Debug|Any CPU
		{DC4B64A6-AF35-4400-8197-8B82176FF59E}.Release|Any CPU.ActiveCfg = Release|Any CPU
		{DC4B64A6-AF35-4400-8197-8B82176FF59E}.Release|Any CPU.Build.0 = Release|Any CPU
		{DC4B64A6-AF35-4400-8197-8B82176FF59E}.Release|x64.ActiveCfg = Release|Any CPU
		{DC4B64A6-AF35-4400-8197-8B82176FF59E}.Release|x64.Build.0 = Release|Any CPU
		{DC4B64A6-AF35-4400-8197-8B82176FF59E}.Release|x86.ActiveCfg = Release|Any CPU
		{DC4B64A6-AF35-4400-8197-8B82176FF59E}.Release|x86.Build.0 = Release|Any CPU
		{AF82A3DD-076A-4FE8-9C45-C30754E87527}.Debug|Any CPU.ActiveCfg = Debug|Any CPU
		{AF82A3DD-076A-4FE8-9C45-C30754E87527}.Debug|Any CPU.Build.0 = Debug|Any CPU
		{AF82A3DD-076A-4FE8-9C45-C30754E87527}.Debug|x64.ActiveCfg = Debug|Any CPU
		{AF82A3DD-076A-4FE8-9C45-C30754E87527}.Debug|x64.Build.0 = Debug|Any CPU
		{AF82A3DD-076A-4FE8-9C45-C30754E87527}.Debug|x86.ActiveCfg = Debug|Any CPU
		{AF82A3DD-076A-4FE8-9C45-C30754E87527}.Debug|x86.Build.0 = Debug|Any CPU
		{AF82A3DD-076A-4FE8-9C45-C30754E87527}.Release|Any CPU.ActiveCfg = Release|Any CPU
		{AF82A3DD-076A-4FE8-9C45-C30754E87527}.Release|Any CPU.Build.0 = Release|Any CPU
		{AF82A3DD-076A-4FE8-9C45-C30754E87527}.Release|x64.ActiveCfg = Release|Any CPU
		{AF82A3DD-076A-4FE8-9C45-C30754E87527}.Release|x64.Build.0 = Release|Any CPU
		{AF82A3DD-076A-4FE8-9C45-C30754E87527}.Release|x86.ActiveCfg = Release|Any CPU
		{AF82A3DD-076A-4FE8-9C45-C30754E87527}.Release|x86.Build.0 = Release|Any CPU
		{1A4C7F49-F3AA-4EBA-8996-0DDCA0A81142}.Debug|Any CPU.ActiveCfg = Debug|Any CPU
		{1A4C7F49-F3AA-4EBA-8996-0DDCA0A81142}.Debug|Any CPU.Build.0 = Debug|Any CPU
		{1A4C7F49-F3AA-4EBA-8996-0DDCA0A81142}.Debug|x64.ActiveCfg = Debug|Any CPU
		{1A4C7F49-F3AA-4EBA-8996-0DDCA0A81142}.Debug|x64.Build.0 = Debug|Any CPU
		{1A4C7F49-F3AA-4EBA-8996-0DDCA0A81142}.Debug|x86.ActiveCfg = Debug|Any CPU
		{1A4C7F49-F3AA-4EBA-8996-0DDCA0A81142}.Debug|x86.Build.0 = Debug|Any CPU
		{1A4C7F49-F3AA-4EBA-8996-0DDCA0A81142}.Release|Any CPU.ActiveCfg = Release|Any CPU
		{1A4C7F49-F3AA-4EBA-8996-0DDCA0A81142}.Release|Any CPU.Build.0 = Release|Any CPU
		{1A4C7F49-F3AA-4EBA-8996-0DDCA0A81142}.Release|x64.ActiveCfg = Release|Any CPU
		{1A4C7F49-F3AA-4EBA-8996-0DDCA0A81142}.Release|x64.Build.0 = Release|Any CPU
		{1A4C7F49-F3AA-4EBA-8996-0DDCA0A81142}.Release|x86.ActiveCfg = Release|Any CPU
		{1A4C7F49-F3AA-4EBA-8996-0DDCA0A81142}.Release|x86.Build.0 = Release|Any CPU
		{52BCF140-DCCC-4545-A5DB-437DA8842910}.Debug|Any CPU.ActiveCfg = Debug|Any CPU
		{52BCF140-DCCC-4545-A5DB-437DA8842910}.Debug|Any CPU.Build.0 = Debug|Any CPU
		{52BCF140-DCCC-4545-A5DB-437DA8842910}.Debug|x64.ActiveCfg = Debug|Any CPU
		{52BCF140-DCCC-4545-A5DB-437DA8842910}.Debug|x64.Build.0 = Debug|Any CPU
		{52BCF140-DCCC-4545-A5DB-437DA8842910}.Debug|x86.ActiveCfg = Debug|Any CPU
		{52BCF140-DCCC-4545-A5DB-437DA8842910}.Debug|x86.Build.0 = Debug|Any CPU
		{52BCF140-DCCC-4545-A5DB-437DA8842910}.Release|Any CPU.ActiveCfg = Release|Any CPU
		{52BCF140-DCCC-4545-A5DB-437DA8842910}.Release|Any CPU.Build.0 = Release|Any CPU
		{52BCF140-DCCC-4545-A5DB-437DA8842910}.Release|x64.ActiveCfg = Release|Any CPU
		{52BCF140-DCCC-4545-A5DB-437DA8842910}.Release|x64.Build.0 = Release|Any CPU
		{52BCF140-DCCC-4545-A5DB-437DA8842910}.Release|x86.ActiveCfg = Release|Any CPU
		{52BCF140-DCCC-4545-A5DB-437DA8842910}.Release|x86.Build.0 = Release|Any CPU
	EndGlobalSection
	GlobalSection(SolutionProperties) = preSolution
		HideSolutionNode = FALSE
	EndGlobalSection
	GlobalSection(NestedProjects) = preSolution
		{99FEB31E-F2E7-4779-B35B-702F648517DF} = {881589EE-639B-0A35-DBCE-5D94E4FC90C0}
		{6B06B39E-FA83-4E0B-A94B-EFA21CC0847F} = {827E0CD3-B72D-47B6-A68D-7590B98EB39B}
		{DC4B64A6-AF35-4400-8197-8B82176FF59E} = {827E0CD3-B72D-47B6-A68D-7590B98EB39B}
		{AF82A3DD-076A-4FE8-9C45-C30754E87527} = {827E0CD3-B72D-47B6-A68D-7590B98EB39B}
		{1A4C7F49-F3AA-4EBA-8996-0DDCA0A81142} = {827E0CD3-B72D-47B6-A68D-7590B98EB39B}
		{52BCF140-DCCC-4545-A5DB-437DA8842910} = {881589EE-639B-0A35-DBCE-5D94E4FC90C0}
	EndGlobalSection
EndGlobal
